// !$*UTF8*$!
{
	archiveVersion = 1;
	classes = {
	};
	objectVersion = 46;
	objects = {

/* Begin PBXBuildFile section */
		92F9CABD1E5BE3E2002F3FFE /* AppDelegate.swift in Sources */ = {isa = PBXBuildFile; fileRef = 92F9CABC1E5BE3E2002F3FFE /* AppDelegate.swift */; };
		92F9CAC21E5BE3E2002F3FFE /* Main.storyboard in Resources */ = {isa = PBXBuildFile; fileRef = 92F9CAC01E5BE3E2002F3FFE /* Main.storyboard */; };
		92F9CAC41E5BE3E2002F3FFE /* Assets.xcassets in Resources */ = {isa = PBXBuildFile; fileRef = 92F9CAC31E5BE3E2002F3FFE /* Assets.xcassets */; };
		92F9CAC71E5BE3E2002F3FFE /* LaunchScreen.storyboard in Resources */ = {isa = PBXBuildFile; fileRef = 92F9CAC51E5BE3E2002F3FFE /* LaunchScreen.storyboard */; };
		92F9CAD51E5BE702002F3FFE /* BaseViewController.swift in Sources */ = {isa = PBXBuildFile; fileRef = 92F9CAD41E5BE702002F3FFE /* BaseViewController.swift */; };
		92F9CAEB1E5BF4AA002F3FFE /* HeaderLineViewController.swift in Sources */ = {isa = PBXBuildFile; fileRef = 92F9CAE51E5BF4AA002F3FFE /* HeaderLineViewController.swift */; };
		92F9CAEC1E5BF4AA002F3FFE /* HotPointViewController.swift in Sources */ = {isa = PBXBuildFile; fileRef = 92F9CAE61E5BF4AA002F3FFE /* HotPointViewController.swift */; };
		92F9CAED1E5BF4AA002F3FFE /* ScienceViewController.swift in Sources */ = {isa = PBXBuildFile; fileRef = 92F9CAE71E5BF4AA002F3FFE /* ScienceViewController.swift */; };
		92F9CAEE1E5BF4AA002F3FFE /* SocietyViewController.swift in Sources */ = {isa = PBXBuildFile; fileRef = 92F9CAE81E5BF4AA002F3FFE /* SocietyViewController.swift */; };
		92F9CAEF1E5BF4AA002F3FFE /* SubscriptionViewController.swift in Sources */ = {isa = PBXBuildFile; fileRef = 92F9CAE91E5BF4AA002F3FFE /* SubscriptionViewController.swift */; };
		92F9CAF01E5BF4AA002F3FFE /* VideoViewController.swift in Sources */ = {isa = PBXBuildFile; fileRef = 92F9CAEA1E5BF4AA002F3FFE /* VideoViewController.swift */; };
/* End PBXBuildFile section */

/* Begin PBXFileReference section */
		92F9CAB91E5BE3E2002F3FFE /* NewsLayerDemo.app */ = {isa = PBXFileReference; explicitFileType = wrapper.application; includeInIndex = 0; path = NewsLayerDemo.app; sourceTree = BUILT_PRODUCTS_DIR; };
		92F9CABC1E5BE3E2002F3FFE /* AppDelegate.swift */ = {isa = PBXFileReference; lastKnownFileType = sourcecode.swift; path = AppDelegate.swift; sourceTree = "<group>"; };
		92F9CAC11E5BE3E2002F3FFE /* Base */ = {isa = PBXFileReference; lastKnownFileType = file.storyboard; name = Base; path = Base.lproj/Main.storyboard; sourceTree = "<group>"; };
		92F9CAC31E5BE3E2002F3FFE /* Assets.xcassets */ = {isa = PBXFileReference; lastKnownFileType = folder.assetcatalog; path = Assets.xcassets; sourceTree = "<group>"; };
		92F9CAC61E5BE3E2002F3FFE /* Base */ = {isa = PBXFileReference; lastKnownFileType = file.storyboard; name = Base; path = Base.lproj/LaunchScreen.storyboard; sourceTree = "<group>"; };
		92F9CAC81E5BE3E2002F3FFE /* Info.plist */ = {isa = PBXFileReference; lastKnownFileType = text.plist.xml; path = Info.plist; sourceTree = "<group>"; };
		92F9CAD41E5BE702002F3FFE /* BaseViewController.swift */ = {isa = PBXFileReference; fileEncoding = 4; lastKnownFileType = sourcecode.swift; path = BaseViewController.swift; sourceTree = "<group>"; };
		92F9CAE51E5BF4AA002F3FFE /* HeaderLineViewController.swift */ = {isa = PBXFileReference; fileEncoding = 4; lastKnownFileType = sourcecode.swift; path = HeaderLineViewController.swift; sourceTree = "<group>"; };
		92F9CAE61E5BF4AA002F3FFE /* HotPointViewController.swift */ = {isa = PBXFileReference; fileEncoding = 4; lastKnownFileType = sourcecode.swift; path = HotPointViewController.swift; sourceTree = "<group>"; };
		92F9CAE71E5BF4AA002F3FFE /* ScienceViewController.swift */ = {isa = PBXFileReference; fileEncoding = 4; lastKnownFileType = sourcecode.swift; path = ScienceViewController.swift; sourceTree = "<group>"; };
		92F9CAE81E5BF4AA002F3FFE /* SocietyViewController.swift */ = {isa = PBXFileReference; fileEncoding = 4; lastKnownFileType = sourcecode.swift; path = SocietyViewController.swift; sourceTree = "<group>"; };
		92F9CAE91E5BF4AA002F3FFE /* SubscriptionViewController.swift */ = {isa = PBXFileReference; fileEncoding = 4; lastKnownFileType = sourcecode.swift; path = SubscriptionViewController.swift; sourceTree = "<group>"; };
		92F9CAEA1E5BF4AA002F3FFE /* VideoViewController.swift */ = {isa = PBXFileReference; fileEncoding = 4; lastKnownFileType = sourcecode.swift; path = VideoViewController.swift; sourceTree = "<group>"; };
/* End PBXFileReference section */

/* Begin PBXFrameworksBuildPhase section */
		92F9CAB61E5BE3E2002F3FFE /* Frameworks */ = {
			isa = PBXFrameworksBuildPhase;
			buildActionMask = 2147483647;
			files = (
			);
			runOnlyForDeploymentPostprocessing = 0;
		};
/* End PBXFrameworksBuildPhase section */

/* Begin PBXGroup section */
		92F9CAB01E5BE3E2002F3FFE = {
			isa = PBXGroup;
			children = (
				92F9CABB1E5BE3E2002F3FFE /* NewsLayerDemo */,
				92F9CABA1E5BE3E2002F3FFE /* Products */,
			);
			sourceTree = "<group>";
		};
		92F9CABA1E5BE3E2002F3FFE /* Products */ = {
			isa = PBXGroup;
			children = (
				92F9CAB91E5BE3E2002F3FFE /* NewsLayerDemo.app */,
			);
			name = Products;
			sourceTree = "<group>";
		};
		92F9CABB1E5BE3E2002F3FFE /* NewsLayerDemo */ = {
			isa = PBXGroup;
			children = (
				92F9CAD31E5BE702002F3FFE /* Classes */,
				92F9CABC1E5BE3E2002F3FFE /* AppDelegate.swift */,
				92F9CAC01E5BE3E2002F3FFE /* Main.storyboard */,
				92F9CAC31E5BE3E2002F3FFE /* Assets.xcassets */,
				92F9CAC51E5BE3E2002F3FFE /* LaunchScreen.storyboard */,
				92F9CAC81E5BE3E2002F3FFE /* Info.plist */,
			);
			path = NewsLayerDemo;
			sourceTree = "<group>";
		};
		92F9CAD31E5BE702002F3FFE /* Classes */ = {
			isa = PBXGroup;
			children = (
				92F9CAE41E5BF4AA002F3FFE /* Other */,
				92F9CAD41E5BE702002F3FFE /* BaseViewController.swift */,
			);
			path = Classes;
			sourceTree = "<group>";
		};
		92F9CAE41E5BF4AA002F3FFE /* Other */ = {
			isa = PBXGroup;
			children = (
				92F9CAE51E5BF4AA002F3FFE /* HeaderLineViewController.swift */,
				92F9CAE61E5BF4AA002F3FFE /* HotPointViewController.swift */,
				92F9CAE71E5BF4AA002F3FFE /* ScienceViewController.swift */,
				92F9CAE81E5BF4AA002F3FFE /* SocietyViewController.swift */,
				92F9CAE91E5BF4AA002F3FFE /* SubscriptionViewController.swift */,
				92F9CAEA1E5BF4AA002F3FFE /* VideoViewController.swift */,
			);
			path = Other;
			sourceTree = "<group>";
		};
/* End PBXGroup section */

/* Begin PBXNativeTarget section */
		92F9CAB81E5BE3E2002F3FFE /* NewsLayerDemo */ = {
			isa = PBXNativeTarget;
			buildConfigurationList = 92F9CACB1E5BE3E2002F3FFE /* Build configuration list for PBXNativeTarget "NewsLayerDemo" */;
			buildPhases = (
				92F9CAB51E5BE3E2002F3FFE /* Sources */,
				92F9CAB61E5BE3E2002F3FFE /* Frameworks */,
				92F9CAB71E5BE3E2002F3FFE /* Resources */,
			);
			buildRules = (
			);
			dependencies = (
			);
			name = NewsLayerDemo;
			productName = NewsLayerDemo;
			productReference = 92F9CAB91E5BE3E2002F3FFE /* NewsLayerDemo.app */;
			productType = "com.apple.product-type.application";
		};
/* End PBXNativeTarget section */

/* Begin PBXProject section */
		92F9CAB11E5BE3E2002F3FFE /* Project object */ = {
			isa = PBXProject;
			attributes = {
				LastSwiftUpdateCheck = 0730;
				LastUpgradeCheck = 0730;
				ORGANIZATIONNAME = SLZeng;
				TargetAttributes = {
					92F9CAB81E5BE3E2002F3FFE = {
						CreatedOnToolsVersion = 7.3.1;
					};
				};
			};
			buildConfigurationList = 92F9CAB41E5BE3E2002F3FFE /* Build configuration list for PBXProject "NewsLayerDemo" */;
			compatibilityVersion = "Xcode 3.2";
			developmentRegion = English;
			hasScannedForEncodings = 0;
			knownRegions = (
				en,
				Base,
			);
			mainGroup = 92F9CAB01E5BE3E2002F3FFE;
			productRefGroup = 92F9CABA1E5BE3E2002F3FFE /* Products */;
			projectDirPath = "";
			projectRoot = "";
			targets = (
				92F9CAB81E5BE3E2002F3FFE /* NewsLayerDemo */,
			);
		};
/* End PBXProject section */

/* Begin PBXResourcesBuildPhase section */
		92F9CAB71E5BE3E2002F3FFE /* Resources */ = {
			isa = PBXResourcesBuildPhase;
			buildActionMask = 2147483647;
			files = (
				92F9CAC71E5BE3E2002F3FFE /* LaunchScreen.storyboard in Resources */,
				92F9CAC41E5BE3E2002F3FFE /* Assets.xcassets in Resources */,
				92F9CAC21E5BE3E2002F3FFE /* Main.storyboard in Resources */,
			);
			runOnlyForDeploymentPostprocessing = 0;
		};
/* End PBXResourcesBuildPhase section */

/* Begin PBXSourcesBuildPhase section */
		92F9CAB51E5BE3E2002F3FFE /* Sources */ = {
			isa = PBXSourcesBuildPhase;
			buildActionMask = 2147483647;
			files = (
				92F9CABD1E5BE3E2002F3FFE /* AppDelegate.swift in Sources */,
				92F9CAEF1E5BF4AA002F3FFE /* SubscriptionViewController.swift in Sources */,
				92F9CAF01E5BF4AA002F3FFE /* VideoViewController.swift in Sources */,
				92F9CAED1E5BF4AA002F3FFE /* ScienceViewController.swift in Sources */,
				92F9CAD51E5BE702002F3FFE /* BaseViewController.swift in Sources */,
				92F9CAEB1E5BF4AA002F3FFE /* HeaderLineViewController.swift in Sources */,
				92F9CAEC1E5BF4AA002F3FFE /* HotPointViewController.swift in Sources */,
				92F9CAEE1E5BF4AA002F3FFE /* SocietyViewController.swift in Sources */,
			);
			runOnlyForDeploymentPostprocessing = 0;
		};
/* End PBXSourcesBuildPhase section */

/* Begin PBXVariantGroup section */
		92F9CAC01E5BE3E2002F3FFE /* Main.storyboard */ = {
			isa = PBXVariantGroup;
			children = (
				92F9CAC11E5BE3E2002F3FFE /* Base */,
			);
			name = Main.storyboard;
			sourceTree = "<group>";
		};
		92F9CAC51E5BE3E2002F3FFE /* LaunchScreen.storyboard */ = {
			isa = PBXVariantGroup;
			children = (
				92F9CAC61E5BE3E2002F3FFE /* Base */,
			);
			name = LaunchScreen.storyboard;
			sourceTree = "<group>";
		};
/* End PBXVariantGroup section */

/* Begin XCBuildConfiguration section */
		92F9CAC91E5BE3E2002F3FFE /* Debug */ = {
			isa = XCBuildConfiguration;
			buildSettings = {
				ALWAYS_SEARCH_USER_PATHS = NO;
				CLANG_ANALYZER_NONNULL = YES;
				CLANG_CXX_LANGUAGE_STANDARD = "gnu++0x";
				CLANG_CXX_LIBRARY = "libc++";
				CLANG_ENABLE_MODULES = YES;
				CLANG_ENABLE_OBJC_ARC = YES;
				CLANG_WARN_BOOL_CONVERSION = YES;
				CLANG_WARN_CONSTANT_CONVERSION = YES;
				CLANG_WARN_DIRECT_OBJC_ISA_USAGE = YES_ERROR;
				CLANG_WARN_EMPTY_BODY = YES;
				CLANG_WARN_ENUM_CONVERSION = YES;
				CLANG_WARN_INT_CONVERSION = YES;
				CLANG_WARN_OBJC_ROOT_CLASS = YES_ERROR;
				CLANG_WARN_UNREACHABLE_CODE = YES;
				CLANG_WARN__DUPLICATE_METHOD_MATCH = YES;
				"CODE_SIGN_IDENTITY[sdk=iphoneos*]" = "iPhone Developer";
				COPY_PHASE_STRIP = NO;
				DEBUG_INFORMATION_FORMAT = dwarf;
				ENABLE_STRICT_OBJC_MSGSEND = YES;
				ENABLE_TESTABILITY = YES;
				GCC_C_LANGUAGE_STANDARD = gnu99;
				GCC_DYNAMIC_NO_PIC = NO;
				GCC_NO_COMMON_BLOCKS = YES;
				GCC_OPTIMIZATION_LEVEL = 0;
				GCC_PREPROCESSOR_DEFINITIONS = (
					"DEBUG=1",
					"$(inherited)",
				);
				GCC_WARN_64_TO_32_BIT_CONVERSION = YES;
				GCC_WARN_ABOUT_RETURN_TYPE = YES_ERROR;
				GCC_WARN_UNDECLARED_SELECTOR = YES;
				GCC_WARN_UNINITIALIZED_AUTOS = YES_AGGRESSIVE;
				GCC_WARN_UNUSED_FUNCTION = YES;
				GCC_WARN_UNUSED_VARIABLE = YES;
				IPHONEOS_DEPLOYMENT_TARGET = 9.3;
				MTL_ENABLE_DEBUG_INFO = YES;
				ONLY_ACTIVE_ARCH = YES;
				SDKROOT = iphoneos;
				SWIFT_OPTIMIZATION_LEVEL = "-Onone";
			};
			name = Debug;
		};
		92F9CACA1E5BE3E2002F3FFE /* Release */ = {
			isa = XCBuildConfiguration;
			buildSettings = {
				ALWAYS_SEARCH_USER_PATHS = NO;
				CLANG_ANALYZER_NONNULL = YES;
				CLANG_CXX_LANGUAGE_STANDARD = "gnu++0x";
				CLANG_CXX_LIBRARY = "libc++";
				CLANG_ENABLE_MODULES = YES;
				CLANG_ENABLE_OBJC_ARC = YES;
				CLANG_WARN_BOOL_CONVERSION = YES;
				CLANG_WARN_CONSTANT_CONVERSION = YES;
				CLANG_WARN_DIRECT_OBJC_ISA_USAGE = YES_ERROR;
				CLANG_WARN_EMPTY_BODY = YES;
				CLANG_WARN_ENUM_CONVERSION = YES;
				CLANG_WARN_INT_CONVERSION = YES;
				CLANG_WARN_OBJC_ROOT_CLASS = YES_ERROR;
				CLANG_WARN_UNREACHABLE_CODE = YES;
				CLANG_WARN__DUPLICATE_METHOD_MATCH = YES;
				"CODE_SIGN_IDENTITY[sdk=iphoneos*]" = "iPhone Developer";
				COPY_PHASE_STRIP = NO;
				DEBUG_INFORMATION_FORMAT = "dwarf-with-dsym";
				ENABLE_NS_ASSERTIONS = NO;
				ENABLE_STRICT_OBJC_MSGSEND = YES;
				GCC_C_LANGUAGE_STANDARD = gnu99;
				GCC_NO_COMMON_BLOCKS = YES;
				GCC_WARN_64_TO_32_BIT_CONVERSION = YES;
				GCC_WARN_ABOUT_RETURN_TYPE = YES_ERROR;
				GCC_WARN_UNDECLARED_SELECTOR = YES;
				GCC_WARN_UNINITIALIZED_AUTOS = YES_AGGRESSIVE;
				GCC_WARN_UNUSED_FUNCTION = YES;
				GCC_WARN_UNUSED_VARIABLE = YES;
				IPHONEOS_DEPLOYMENT_TARGET = 9.3;
				MTL_ENABLE_DEBUG_INFO = NO;
				SDKROOT = iphoneos;
				VALIDATE_PRODUCT = YES;
			};
			name = Release;
		};
		92F9CACC1E5BE3E2002F3FFE /* Debug */ = {
			isa = XCBuildConfiguration;
			buildSettings = {
				ASSETCATALOG_COMPILER_APPICON_NAME = AppIcon;
				INFOPLIST_FILE = NewsLayerDemo/Info.plist;
				LD_RUNPATH_SEARCH_PATHS = "$(inherited) @executable_path/Frameworks";
				PRODUCT_BUNDLE_IDENTIFIER = com.github.NewsLayerDemo;
				PRODUCT_NAME = "$(TARGET_NAME)";
			};
			name = Debug;
		};
		92F9CACD1E5BE3E2002F3FFE /* Release */ = {
			isa = XCBuildConfiguration;
			buildSettings = {
				ASSETCATALOG_COMPILER_APPICON_NAME = AppIcon;
				INFOPLIST_FILE = NewsLayerDemo/Info.plist;
				LD_RUNPATH_SEARCH_PATHS = "$(inherited) @executable_path/Frameworks";
				PRODUCT_BUNDLE_IDENTIFIER = com.github.NewsLayerDemo;
				PRODUCT_NAME = "$(TARGET_NAME)";
			};
			name = Release;
		};
/* End XCBuildConfiguration section */

/* Begin XCConfigurationList section */
		92F9CAB41E5BE3E2002F3FFE /* Build configuration list for PBXProject "NewsLayerDemo" */ = {
			isa = XCConfigurationList;
			buildConfigurations = (
				92F9CAC91E5BE3E2002F3FFE /* Debug */,
				92F9CACA1E5BE3E2002F3FFE /* Release */,
			);
			defaultConfigurationIsVisible = 0;
			defaultConfigurationName = Release;
		};
		92F9CACB1E5BE3E2002F3FFE /* Build configuration list for PBXNativeTarget "NewsLayerDemo" */ = {
			isa = XCConfigurationList;
			buildConfigurations = (
				92F9CACC1E5BE3E2002F3FFE /* Debug */,
				92F9CACD1E5BE3E2002F3FFE /* Release */,
			);
			defaultConfigurationIsVisible = 0;
		};
/* End XCConfigurationList section */
	};
	rootObject = 92F9CAB11E5BE3E2002F3FFE /* Project object */;
}
